
Microsoft Visual Studio Solution File, Format Version 12.00
# Visual Studio Version 17
VisualStudioVersion = 17.4.33122.133
MinimumVisualStudioVersion = 10.0.40219.1
Project("{FAE04EC0-301F-11D3-BF4B-00C04F79EFBC}") = "Week7ExceptionsLINQ", "Week7ExceptionsLINQ\Week7ExceptionsLINQ.csproj", "{BDF768C3-6099-4AC9-8740-80143677EFB4}"
EndProject
Project("{FAE04EC0-301F-11D3-BF4B-00C04F79EFBC}") = "ConsoleApp1", "ConsoleApp1\ConsoleApp1.csproj", "{3A83AF37-78D4-4542-AA71-C0034B8D28AE}"
EndProject
Global
	GlobalSection(SolutionConfigurationPlatforms) = preSolution
		Debug|Any CPU = Debug|Any CPU
		Release|Any CPU = Release|Any CPU
	EndGlobalSection
	GlobalSection(ProjectConfigurationPlatforms) = postSolution
		{BDF768C3-6099-4AC9-8740-80143677EFB4}.Debug|Any CPU.ActiveCfg = Debug|Any CPU
		{BDF768C3-6099-4AC9-8740-80143677EFB4}.Debug|Any CPU.Build.0 = Debug|Any CPU
		{BDF768C3-6099-4AC9-8740-80143677EFB4}.Release|Any CPU.ActiveCfg = Release|Any CPU
		{BDF768C3-6099-4AC9-8740-80143677EFB4}.Release|Any CPU.Build.0 = Release|Any CPU
		{3A83AF37-78D4-4542-AA71-C0034B8D28AE}.Debug|Any CPU.ActiveCfg = Debug|Any CPU
		{3A83AF37-78D4-4542-AA71-C0034B8D28AE}.Debug|Any CPU.Build.0 = Debug|Any CPU
		{3A83AF37-78D4-4542-AA71-C0034B8D28AE}.Release|Any CPU.ActiveCfg = Release|Any CPU
		{3A83AF37-78D4-4542-AA71-C0034B8D28AE}.Release|Any CPU.Build.0 = Release|Any CPU
	EndGlobalSection
	GlobalSection(SolutionProperties) = preSolution
		HideSolutionNode = FALSE
	EndGlobalSection
	GlobalSection(ExtensibilityGlobals) = postSolution
		SolutionGuid = {CB7B17FB-27BB-4325-A608-B703C2D77353}
	EndGlobalSection
EndGlobal
