
Microsoft Visual Studio Solution File, Format Version 12.00
# Visual Studio Version 17
VisualStudioVersion = 17.4.33122.133
MinimumVisualStudioVersion = 10.0.40219.1
Project("{FAE04EC0-301F-11D3-BF4B-00C04F79EFBC}") = "PizzaApp.API", "PizzaApp.API\PizzaApp.API.csproj", "{BDD20A3B-01AE-4848-9DE9-8C7FB982B160}"
EndProject
Global
	GlobalSection(SolutionConfigurationPlatforms) = preSolution
		Debug|Any CPU = Debug|Any CPU
		Release|Any CPU = Release|Any CPU
	EndGlobalSection
	GlobalSection(ProjectConfigurationPlatforms) = postSolution
		{BDD20A3B-01AE-4848-9DE9-8C7FB982B160}.Debug|Any CPU.ActiveCfg = Debug|Any CPU
		{BDD20A3B-01AE-4848-9DE9-8C7FB982B160}.Debug|Any CPU.Build.0 = Debug|Any CPU
		{BDD20A3B-01AE-4848-9DE9-8C7FB982B160}.Release|Any CPU.ActiveCfg = Release|Any CPU
		{BDD20A3B-01AE-4848-9DE9-8C7FB982B160}.Release|Any CPU.Build.0 = Release|Any CPU
	EndGlobalSection
	GlobalSection(SolutionProperties) = preSolution
		HideSolutionNode = FALSE
	EndGlobalSection
	GlobalSection(ExtensibilityGlobals) = postSolution
		SolutionGuid = {828CBD30-CE0D-4650-B955-B27FADBD7638}
	EndGlobalSection
EndGlobal
