
Microsoft Visual Studio Solution File, Format Version 12.00
# Visual Studio Version 17
VisualStudioVersion = 17.4.33122.133
MinimumVisualStudioVersion = 10.0.40219.1
Project("{9A19103F-16F7-4668-BE54-9A1E7A4F7556}") = "PizzaApp.API", "PizzaApp.API\PizzaApp.API.csproj", "{BDD20A3B-01AE-4848-9DE9-8C7FB982B160}"
EndProject
Project("{9A19103F-16F7-4668-BE54-9A1E7A4F7556}") = "PizzaApp.Application", "PizzaApp.Application\PizzaApp.Application.csproj", "{52D6F5BD-A823-4B29-AB2F-F99B4D008CAF}"
EndProject
Project("{9A19103F-16F7-4668-BE54-9A1E7A4F7556}") = "PizzaApp.DataAccess", "PizzaApp.DataAccess\PizzaApp.DataAccess.csproj", "{62AC54EE-CE27-4D62-84FF-A8E35ECCE702}"
EndProject
Project("{9A19103F-16F7-4668-BE54-9A1E7A4F7556}") = "PizzaApp.WebUI", "PizzaApp.WebUI\PizzaApp.WebUI.csproj", "{9E89AB2E-926C-4530-9DF6-3A14E3893588}"
EndProject
Project("{FAE04EC0-301F-11D3-BF4B-00C04F79EFBC}") = "PizzaApp.Shared", "PizzaApp.Shared\PizzaApp.Shared.csproj", "{DC9B115F-6361-45FF-8FCE-6FC58D90670D}"
EndProject
Global
	GlobalSection(SolutionConfigurationPlatforms) = preSolution
		Debug|Any CPU = Debug|Any CPU
		Release|Any CPU = Release|Any CPU
	EndGlobalSection
	GlobalSection(ProjectConfigurationPlatforms) = postSolution
		{BDD20A3B-01AE-4848-9DE9-8C7FB982B160}.Debug|Any CPU.ActiveCfg = Debug|Any CPU
		{BDD20A3B-01AE-4848-9DE9-8C7FB982B160}.Debug|Any CPU.Build.0 = Debug|Any CPU
		{BDD20A3B-01AE-4848-9DE9-8C7FB982B160}.Release|Any CPU.ActiveCfg = Release|Any CPU
		{BDD20A3B-01AE-4848-9DE9-8C7FB982B160}.Release|Any CPU.Build.0 = Release|Any CPU
		{52D6F5BD-A823-4B29-AB2F-F99B4D008CAF}.Debug|Any CPU.ActiveCfg = Debug|Any CPU
		{52D6F5BD-A823-4B29-AB2F-F99B4D008CAF}.Debug|Any CPU.Build.0 = Debug|Any CPU
		{52D6F5BD-A823-4B29-AB2F-F99B4D008CAF}.Release|Any CPU.ActiveCfg = Release|Any CPU
		{52D6F5BD-A823-4B29-AB2F-F99B4D008CAF}.Release|Any CPU.Build.0 = Release|Any CPU
		{62AC54EE-CE27-4D62-84FF-A8E35ECCE702}.Debug|Any CPU.ActiveCfg = Debug|Any CPU
		{62AC54EE-CE27-4D62-84FF-A8E35ECCE702}.Debug|Any CPU.Build.0 = Debug|Any CPU
		{62AC54EE-CE27-4D62-84FF-A8E35ECCE702}.Release|Any CPU.ActiveCfg = Release|Any CPU
		{62AC54EE-CE27-4D62-84FF-A8E35ECCE702}.Release|Any CPU.Build.0 = Release|Any CPU
		{9E89AB2E-926C-4530-9DF6-3A14E3893588}.Debug|Any CPU.ActiveCfg = Debug|Any CPU
		{9E89AB2E-926C-4530-9DF6-3A14E3893588}.Debug|Any CPU.Build.0 = Debug|Any CPU
		{9E89AB2E-926C-4530-9DF6-3A14E3893588}.Release|Any CPU.ActiveCfg = Release|Any CPU
		{9E89AB2E-926C-4530-9DF6-3A14E3893588}.Release|Any CPU.Build.0 = Release|Any CPU
		{DC9B115F-6361-45FF-8FCE-6FC58D90670D}.Debug|Any CPU.ActiveCfg = Debug|Any CPU
		{DC9B115F-6361-45FF-8FCE-6FC58D90670D}.Debug|Any CPU.Build.0 = Debug|Any CPU
		{DC9B115F-6361-45FF-8FCE-6FC58D90670D}.Release|Any CPU.ActiveCfg = Release|Any CPU
		{DC9B115F-6361-45FF-8FCE-6FC58D90670D}.Release|Any CPU.Build.0 = Release|Any CPU
	EndGlobalSection
	GlobalSection(SolutionProperties) = preSolution
		HideSolutionNode = FALSE
	EndGlobalSection
	GlobalSection(ExtensibilityGlobals) = postSolution
		SolutionGuid = {828CBD30-CE0D-4650-B955-B27FADBD7638}
	EndGlobalSection
EndGlobal
